
Microsoft Visual Studio Solution File, Format Version 12.00
# Visual Studio Version 17
VisualStudioVersion = 17.5.002.0
MinimumVisualStudioVersion = 10.0.40219.1
Project("{9A19103F-16F7-4668-BE54-9A1E7A4F7556}") = "task10", "task10.csproj", "{C6867CD7-863E-4155-9CD7-521221516CB1}"
EndProject
Global
	GlobalSection(SolutionConfigurationPlatforms) = preSolution
		Debug|Any CPU = Debug|Any CPU
		Release|Any CPU = Release|Any CPU
	EndGlobalSection
	GlobalSection(ProjectConfigurationPlatforms) = postSolution
		{C6867CD7-863E-4155-9CD7-521221516CB1}.Debug|Any CPU.ActiveCfg = Debug|Any CPU
		{C6867CD7-863E-4155-9CD7-521221516CB1}.Debug|Any CPU.Build.0 = Debug|Any CPU
		{C6867CD7-863E-4155-9CD7-521221516CB1}.Release|Any CPU.ActiveCfg = Release|Any CPU
		{C6867CD7-863E-4155-9CD7-521221516CB1}.Release|Any CPU.Build.0 = Release|Any CPU
	EndGlobalSection
	GlobalSection(SolutionProperties) = preSolution
		HideSolutionNode = FALSE
	EndGlobalSection
	GlobalSection(ExtensibilityGlobals) = postSolution
		SolutionGuid = {25F67989-EEC9-409B-BEEF-E4F9C05046BB}
	EndGlobalSection
EndGlobal
